# apps.lock - vendored application trees pinned by tools/appctl (C2).
# Schema: version = 1 and one [[app]] table per vendored app with the
# fields name, version, license, gpl, source, rev and sha256 (tree hash).
# Do not edit by hand; use `tools/appctl/appctl.py add|sync|remove`.

version = 1

[[app]]
name = "bash"
version = "5.3"
license = "GPL-3.0-or-later"
gpl = true
source = "upstream"
rev = "unversioned"
sha256 = "509486344381428f48ca47422acc9351bfe27c8915b153ebb647524cee5a15d2"

[[app]]
name = "mbedtls"
version = "3.6.7"
license = "Apache-2.0"
gpl = false
source = "upstream"
rev = "unversioned"
sha256 = "c745d835eb315e98d81a5de928bc1261d9db210c07f70f6db5c711b73c5c5a1b"
