# apps.lock - vendored application trees pinned by tools/appctl (C2).
# Schema: version = 1 and one [[app]] table per vendored app with the
# fields name, version, license, gpl, source, rev and sha256 (tree hash).
# Do not edit by hand; use `tools/appctl/appctl.py add|sync|remove`.

version = 1

[[app]]
name = "bash"
version = "5.3"
license = "GPL-3.0-or-later"
gpl = true
source = "upstream"
rev = "unversioned"
sha256 = "a2d0f7954e4e146a6c6579787a8850120c977a5a5c8680ea3c0caaa291ba7752"

[[app]]
name = "dash"
version = "0.5.12"
license = "BSD-3-Clause"
gpl = false
source = "upstream"
rev = "unversioned"
sha256 = "1d2a871658a0785c12771d815c227f81d6a2affc8f1e15ef7092b4ad9c8e3763"

[[app]]
name = "mbedtls"
version = "3.6.7"
license = "Apache-2.0"
gpl = false
source = "upstream"
rev = "unversioned"
sha256 = "c745d835eb315e98d81a5de928bc1261d9db210c07f70f6db5c711b73c5c5a1b"

[[app]]
name = "nslookup"
version = "0.1"
license = "BSD-3-Clause"
gpl = false
source = "planned"
rev = "unversioned"
sha256 = "32cc83049bcff86ce9212293aee0bf4d9a640f1161fa34d79a80af4a8a3c2fa2"

[[app]]
name = "ping"
version = "0.1"
license = "BSD-3-Clause"
gpl = false
source = "planned"
rev = "unversioned"
sha256 = "55e33c536731542a372bd589bc2a33e082fed7036b7d821719bba82a0c4ab477"

[[app]]
name = "wget"
version = "0.1"
license = "BSD-3-Clause"
gpl = false
source = "planned"
rev = "unversioned"
sha256 = "4d43261db7804b83fbc3ab78f28be28d045136f52ca5be12efcd24767a0a5308"
