# apps.lock - vendored application trees pinned by tools/appctl (C2).
# Schema: version = 1 and one [[app]] table per vendored app with the
# fields name, version, license, gpl, source, rev and sha256 (tree hash).
# Do not edit by hand; use `tools/appctl/appctl.py add|sync|remove`.

version = 1

[[app]]
name = "bash"
version = "5.3"
license = "GPL-3.0-or-later"
gpl = true
source = "upstream"
rev = "unversioned"
sha256 = "509486344381428f48ca47422acc9351bfe27c8915b153ebb647524cee5a15d2"
