# This file is automatically @generated by Cargo.
# It is not intended for manual editing.
version = 4

[[package]]
name = "fantuan-abi"
version = "0.0.1"

[[package]]
name = "kernel-core"
version = "0.0.1"
dependencies = [
 "fantuan-abi",
]

[[package]]
name = "kernel-i686"
version = "0.0.1"
dependencies = [
 "fantuan-abi",
 "kernel-core",
]
